
Microsoft Visual Studio Solution File, Format Version 12.00
# Visual Studio Version 16
VisualStudioVersion = 16.0.30330.147
MinimumVisualStudioVersion = 10.0.40219.1
Project("{9A19103F-16F7-4668-BE54-9A1E7A4F7556}") = "Orleans.MultiClient", "Orleans.MultiClient\Orleans.MultiClient.csproj", "{A9C9F4A2-7A7A-4165-B77A-9BF3ECE62A86}"
EndProject
Global
	GlobalSection(SolutionConfigurationPlatforms) = preSolution
		Debug|Any CPU = Debug|Any CPU
		Release|Any CPU = Release|Any CPU
	EndGlobalSection
	GlobalSection(ProjectConfigurationPlatforms) = postSolution
		{A9C9F4A2-7A7A-4165-B77A-9BF3ECE62A86}.Debug|Any CPU.ActiveCfg = Debug|Any CPU
		{A9C9F4A2-7A7A-4165-B77A-9BF3ECE62A86}.Debug|Any CPU.Build.0 = Debug|Any CPU
		{A9C9F4A2-7A7A-4165-B77A-9BF3ECE62A86}.Release|Any CPU.ActiveCfg = Release|Any CPU
		{A9C9F4A2-7A7A-4165-B77A-9BF3ECE62A86}.Release|Any CPU.Build.0 = Release|Any CPU
	EndGlobalSection
	GlobalSection(SolutionProperties) = preSolution
		HideSolutionNode = FALSE
	EndGlobalSection
	GlobalSection(ExtensibilityGlobals) = postSolution
		SolutionGuid = {848ECE8C-FDA9-42FB-AA9B-FC0949571A71}
	EndGlobalSection
EndGlobal
